
Microsoft Visual Studio Solution File, Format Version 12.00
# Visual Studio Version 17
VisualStudioVersion = 17.9.34622.214
MinimumVisualStudioVersion = 10.0.40219.1
Project("{888888A0-9F3D-457C-B088-3A5042F75D52}") = "Mancala", "Mancala.pyproj", "{D392F605-9AA9-4165-873A-30A6AFE1CF9B}"
EndProject
Global
	GlobalSection(SolutionConfigurationPlatforms) = preSolution
		Debug|Any CPU = Debug|Any CPU
		Release|Any CPU = Release|Any CPU
	EndGlobalSection
	GlobalSection(ProjectConfigurationPlatforms) = postSolution
		{D392F605-9AA9-4165-873A-30A6AFE1CF9B}.Debug|Any CPU.ActiveCfg = Debug|Any CPU
		{D392F605-9AA9-4165-873A-30A6AFE1CF9B}.Debug|Any CPU.Build.0 = Debug|Any CPU
		{D392F605-9AA9-4165-873A-30A6AFE1CF9B}.Release|Any CPU.ActiveCfg = Release|Any CPU
		{D392F605-9AA9-4165-873A-30A6AFE1CF9B}.Release|Any CPU.Build.0 = Release|Any CPU
	EndGlobalSection
	GlobalSection(SolutionProperties) = preSolution
		HideSolutionNode = FALSE
	EndGlobalSection
	GlobalSection(ExtensibilityGlobals) = postSolution
		SolutionGuid = {CD7255D2-D648-4D6F-ACA7-EA758A24962A}
	EndGlobalSection
EndGlobal
